
Microsoft Visual Studio Solution File, Format Version 12.00
# Visual Studio Version 16
VisualStudioVersion = 16.0.29613.14
MinimumVisualStudioVersion = 10.0.40219.1
Project("{FAE04EC0-301F-11D3-BF4B-00C04F79EFBC}") = "ConsoleApplication", "ConsoleApplication\ConsoleApplication.csproj", "{3E5BBE18-1798-462F-A6CD-1E0BA957400C}"
EndProject
Global
	GlobalSection(SolutionConfigurationPlatforms) = preSolution
		Debug|Any CPU = Debug|Any CPU
		Release|Any CPU = Release|Any CPU
	EndGlobalSection
	GlobalSection(ProjectConfigurationPlatforms) = postSolution
		{3E5BBE18-1798-462F-A6CD-1E0BA957400C}.Debug|Any CPU.ActiveCfg = Debug|Any CPU
		{3E5BBE18-1798-462F-A6CD-1E0BA957400C}.Debug|Any CPU.Build.0 = Debug|Any CPU
		{3E5BBE18-1798-462F-A6CD-1E0BA957400C}.Release|Any CPU.ActiveCfg = Release|Any CPU
		{3E5BBE18-1798-462F-A6CD-1E0BA957400C}.Release|Any CPU.Build.0 = Release|Any CPU
	EndGlobalSection
	GlobalSection(SolutionProperties) = preSolution
		HideSolutionNode = FALSE
	EndGlobalSection
	GlobalSection(ExtensibilityGlobals) = postSolution
		SolutionGuid = {A72E8CCD-9C34-48A8-959E-754FE3AE9E18}
	EndGlobalSection
EndGlobal
