
Microsoft Visual Studio Solution File, Format Version 12.00
# Visual Studio Version 16
VisualStudioVersion = 16.0.29613.14
MinimumVisualStudioVersion = 10.0.40219.1
Project("{FAE04EC0-301F-11D3-BF4B-00C04F79EFBC}") = "ConsoleApplication", "ConsoleApplication.csproj", "{70395486-DE8F-4966-8751-29253DE3E2FC}"
EndProject
Global
	GlobalSection(SolutionConfigurationPlatforms) = preSolution
		Debug|Any CPU = Debug|Any CPU
		Release|Any CPU = Release|Any CPU
	EndGlobalSection
	GlobalSection(ProjectConfigurationPlatforms) = postSolution
		{70395486-DE8F-4966-8751-29253DE3E2FC}.Debug|Any CPU.ActiveCfg = Debug|Any CPU
		{70395486-DE8F-4966-8751-29253DE3E2FC}.Debug|Any CPU.Build.0 = Debug|Any CPU
		{70395486-DE8F-4966-8751-29253DE3E2FC}.Release|Any CPU.ActiveCfg = Release|Any CPU
		{70395486-DE8F-4966-8751-29253DE3E2FC}.Release|Any CPU.Build.0 = Release|Any CPU
	EndGlobalSection
	GlobalSection(SolutionProperties) = preSolution
		HideSolutionNode = FALSE
	EndGlobalSection
	GlobalSection(ExtensibilityGlobals) = postSolution
		SolutionGuid = {525F44AF-27DE-4C7C-A710-144DA0D2B2AA}
	EndGlobalSection
EndGlobal
